Microsoft Visual Studio Solution File, Format Version 12.00
# Visual Studio Version 17
VisualStudioVersion = 17.5.2.0
MinimumVisualStudioVersion = 10.0.40219.1
Project("{FAE04EC0-301F-11D3-BF4B-00C04F79EFBC}") = "Velvest", "Velvest.csproj", "{4310B702-0C7D-E783-CAF5-5F8A4375624A}"
EndProject
Global
	GlobalSection(SolutionConfigurationPlatforms) = preSolution
		Debug|Any CPU = Debug|Any CPU
		Release|Any CPU = Release|Any CPU
	EndGlobalSection
	GlobalSection(ProjectConfigurationPlatforms) = postSolution
		{4310B702-0C7D-E783-CAF5-5F8A4375624A}.Debug|Any CPU.ActiveCfg = Debug|Any CPU
		{4310B702-0C7D-E783-CAF5-5F8A4375624A}.Debug|Any CPU.Build.0 = Debug|Any CPU
		{4310B702-0C7D-E783-CAF5-5F8A4375624A}.Release|Any CPU.ActiveCfg = Release|Any CPU
		{4310B702-0C7D-E783-CAF5-5F8A4375624A}.Release|Any CPU.Build.0 = Release|Any CPU
	EndGlobalSection
	GlobalSection(SolutionProperties) = preSolution
		HideSolutionNode = FALSE
	EndGlobalSection
	GlobalSection(ExtensibilityGlobals) = postSolution
		SolutionGuid = {808E319C-4A60-4F88-9D51-6878872A3018}
	EndGlobalSection
EndGlobal
